
Microsoft Visual Studio Solution File, Format Version 12.00
# Visual Studio 15
VisualStudioVersion = 15.0.26124.0
MinimumVisualStudioVersion = 15.0.26124.0
Project("{FAE04EC0-301F-11D3-BF4B-00C04F79EFBC}") = "Graph.ArgumentValidator", "src\Graph.ArgumentValidator.csproj", "{59435C05-1155-47A5-9361-2702B320EB83}"
EndProject
Project("{FAE04EC0-301F-11D3-BF4B-00C04F79EFBC}") = "Graph.ArgumentValidator.Tests", "test\Graph.ArgumentValidator.Tests.csproj", "{F31CE4C8-0B88-492B-9AE2-92D731D51B88}"
EndProject
Global
	GlobalSection(SolutionConfigurationPlatforms) = preSolution
		Debug|Any CPU = Debug|Any CPU
		Debug|x64 = Debug|x64
		Debug|x86 = Debug|x86
		Release|Any CPU = Release|Any CPU
		Release|x64 = Release|x64
		Release|x86 = Release|x86
	EndGlobalSection
	GlobalSection(SolutionProperties) = preSolution
		HideSolutionNode = FALSE
	EndGlobalSection
	GlobalSection(ProjectConfigurationPlatforms) = postSolution
		{59435C05-1155-47A5-9361-2702B320EB83}.Debug|Any CPU.ActiveCfg = Debug|Any CPU
		{59435C05-1155-47A5-9361-2702B320EB83}.Debug|Any CPU.Build.0 = Debug|Any CPU
		{59435C05-1155-47A5-9361-2702B320EB83}.Debug|x64.ActiveCfg = Debug|Any CPU
		{59435C05-1155-47A5-9361-2702B320EB83}.Debug|x64.Build.0 = Debug|Any CPU
		{59435C05-1155-47A5-9361-2702B320EB83}.Debug|x86.ActiveCfg = Debug|Any CPU
		{59435C05-1155-47A5-9361-2702B320EB83}.Debug|x86.Build.0 = Debug|Any CPU
		{59435C05-1155-47A5-9361-2702B320EB83}.Release|Any CPU.ActiveCfg = Release|Any CPU
		{59435C05-1155-47A5-9361-2702B320EB83}.Release|Any CPU.Build.0 = Release|Any CPU
		{59435C05-1155-47A5-9361-2702B320EB83}.Release|x64.ActiveCfg = Release|Any CPU
		{59435C05-1155-47A5-9361-2702B320EB83}.Release|x64.Build.0 = Release|Any CPU
		{59435C05-1155-47A5-9361-2702B320EB83}.Release|x86.ActiveCfg = Release|Any CPU
		{59435C05-1155-47A5-9361-2702B320EB83}.Release|x86.Build.0 = Release|Any CPU
		{F31CE4C8-0B88-492B-9AE2-92D731D51B88}.Debug|Any CPU.ActiveCfg = Debug|Any CPU
		{F31CE4C8-0B88-492B-9AE2-92D731D51B88}.Debug|Any CPU.Build.0 = Debug|Any CPU
		{F31CE4C8-0B88-492B-9AE2-92D731D51B88}.Debug|x64.ActiveCfg = Debug|Any CPU
		{F31CE4C8-0B88-492B-9AE2-92D731D51B88}.Debug|x64.Build.0 = Debug|Any CPU
		{F31CE4C8-0B88-492B-9AE2-92D731D51B88}.Debug|x86.ActiveCfg = Debug|Any CPU
		{F31CE4C8-0B88-492B-9AE2-92D731D51B88}.Debug|x86.Build.0 = Debug|Any CPU
		{F31CE4C8-0B88-492B-9AE2-92D731D51B88}.Release|Any CPU.ActiveCfg = Release|Any CPU
		{F31CE4C8-0B88-492B-9AE2-92D731D51B88}.Release|Any CPU.Build.0 = Release|Any CPU
		{F31CE4C8-0B88-492B-9AE2-92D731D51B88}.Release|x64.ActiveCfg = Release|Any CPU
		{F31CE4C8-0B88-492B-9AE2-92D731D51B88}.Release|x64.Build.0 = Release|Any CPU
		{F31CE4C8-0B88-492B-9AE2-92D731D51B88}.Release|x86.ActiveCfg = Release|Any CPU
		{F31CE4C8-0B88-492B-9AE2-92D731D51B88}.Release|x86.Build.0 = Release|Any CPU
	EndGlobalSection
EndGlobal
