
Microsoft Visual Studio Solution File, Format Version 12.00
# Visual Studio Version 16
VisualStudioVersion = 16.0.31025.194
MinimumVisualStudioVersion = 10.0.40219.1
Project("{FAE04EC0-301F-11D3-BF4B-00C04F79EFBC}") = "Graph.ArgumentValidator", "Graph.ArgumentValidator.csproj", "{D40E08ED-B236-4AF0-AE97-AB4580BD9419}"
EndProject
Global
	GlobalSection(SolutionConfigurationPlatforms) = preSolution
		Debug|Any CPU = Debug|Any CPU
		Release|Any CPU = Release|Any CPU
	EndGlobalSection
	GlobalSection(ProjectConfigurationPlatforms) = postSolution
		{D40E08ED-B236-4AF0-AE97-AB4580BD9419}.Debug|Any CPU.ActiveCfg = Debug|Any CPU
		{D40E08ED-B236-4AF0-AE97-AB4580BD9419}.Debug|Any CPU.Build.0 = Debug|Any CPU
		{D40E08ED-B236-4AF0-AE97-AB4580BD9419}.Release|Any CPU.ActiveCfg = Release|Any CPU
		{D40E08ED-B236-4AF0-AE97-AB4580BD9419}.Release|Any CPU.Build.0 = Release|Any CPU
	EndGlobalSection
	GlobalSection(SolutionProperties) = preSolution
		HideSolutionNode = FALSE
	EndGlobalSection
	GlobalSection(ExtensibilityGlobals) = postSolution
		SolutionGuid = {14B6055D-A6EA-4D84-AD7E-A397DE116F0B}
	EndGlobalSection
EndGlobal
